
Microsoft Visual Studio Solution File, Format Version 12.00
# Visual Studio Version 17
VisualStudioVersion = 17.10.35013.160
MinimumVisualStudioVersion = 10.0.40219.1
Project("{FAE04EC0-301F-11D3-BF4B-00C04F79EFBC}") = "GymManagement.API", "GymManagement.API\GymManagement.API.csproj", "{E77900CC-2D86-49DD-BDC6-A95D8A2E7E8A}"
EndProject
Project("{FAE04EC0-301F-11D3-BF4B-00C04F79EFBC}") = "GymManagement.Application", "GymManagement.Application\GymManagement.Application.csproj", "{E88F3C48-B5A7-43F5-8235-99796177393D}"
EndProject
Project("{FAE04EC0-301F-11D3-BF4B-00C04F79EFBC}") = "GymManagement.Infrastructure", "GymManagement.Infrastructure\GymManagement.Infrastructure.csproj", "{129B7593-3B61-4373-88D1-269483805282}"
EndProject
Project("{FAE04EC0-301F-11D3-BF4B-00C04F79EFBC}") = "GymManagement.Domain", "GymManagement.Domain\GymManagement.Domain.csproj", "{7A4DE518-EBC9-40AF-9EDE-4163205DEE66}"
EndProject
Global
	GlobalSection(SolutionConfigurationPlatforms) = preSolution
		Debug|Any CPU = Debug|Any CPU
		Release|Any CPU = Release|Any CPU
	EndGlobalSection
	GlobalSection(ProjectConfigurationPlatforms) = postSolution
		{E77900CC-2D86-49DD-BDC6-A95D8A2E7E8A}.Debug|Any CPU.ActiveCfg = Debug|Any CPU
		{E77900CC-2D86-49DD-BDC6-A95D8A2E7E8A}.Debug|Any CPU.Build.0 = Debug|Any CPU
		{E77900CC-2D86-49DD-BDC6-A95D8A2E7E8A}.Release|Any CPU.ActiveCfg = Release|Any CPU
		{E77900CC-2D86-49DD-BDC6-A95D8A2E7E8A}.Release|Any CPU.Build.0 = Release|Any CPU
		{E88F3C48-B5A7-43F5-8235-99796177393D}.Debug|Any CPU.ActiveCfg = Debug|Any CPU
		{E88F3C48-B5A7-43F5-8235-99796177393D}.Debug|Any CPU.Build.0 = Debug|Any CPU
		{E88F3C48-B5A7-43F5-8235-99796177393D}.Release|Any CPU.ActiveCfg = Release|Any CPU
		{E88F3C48-B5A7-43F5-8235-99796177393D}.Release|Any CPU.Build.0 = Release|Any CPU
		{129B7593-3B61-4373-88D1-269483805282}.Debug|Any CPU.ActiveCfg = Debug|Any CPU
		{129B7593-3B61-4373-88D1-269483805282}.Debug|Any CPU.Build.0 = Debug|Any CPU
		{129B7593-3B61-4373-88D1-269483805282}.Release|Any CPU.ActiveCfg = Release|Any CPU
		{129B7593-3B61-4373-88D1-269483805282}.Release|Any CPU.Build.0 = Release|Any CPU
		{7A4DE518-EBC9-40AF-9EDE-4163205DEE66}.Debug|Any CPU.ActiveCfg = Debug|Any CPU
		{7A4DE518-EBC9-40AF-9EDE-4163205DEE66}.Debug|Any CPU.Build.0 = Debug|Any CPU
		{7A4DE518-EBC9-40AF-9EDE-4163205DEE66}.Release|Any CPU.ActiveCfg = Release|Any CPU
		{7A4DE518-EBC9-40AF-9EDE-4163205DEE66}.Release|Any CPU.Build.0 = Release|Any CPU
	EndGlobalSection
	GlobalSection(SolutionProperties) = preSolution
		HideSolutionNode = FALSE
	EndGlobalSection
	GlobalSection(ExtensibilityGlobals) = postSolution
		SolutionGuid = {908F4AB4-4C84-45E0-B1BE-4559B6D79112}
	EndGlobalSection
EndGlobal
